
Microsoft Visual Studio Solution File, Format Version 12.00
# Visual Studio 2013
VisualStudioVersion = 12.0.40629.0
MinimumVisualStudioVersion = 10.0.40219.1
Project("{FAE04EC0-301F-11D3-BF4B-00C04F79EFBC}") = "WinService.WindowsService", "WinService.WindowsService\WinService.WindowsService.csproj", "{C9E28B6B-6199-4CF6-B584-0ED61DD6509C}"
EndProject
Project("{54435603-DBB4-11D2-8724-00A0C9A8B90C}") = "WinService.Setup", "WinService.Setup\WinService.Setup.vdproj", "{136C1062-C542-445F-A3A1-6D8CFCCC77A2}"
EndProject
Project("{FAE04EC0-301F-11D3-BF4B-00C04F79EFBC}") = "WinService.DTO", "WinService.DTO\WinService.DTO.csproj", "{C3F7FE1E-9317-4709-A836-68262D58B2B4}"
EndProject
Project("{FAE04EC0-301F-11D3-BF4B-00C04F79EFBC}") = "WinService.Business", "winService.Business\WinService.Business.csproj", "{19DEA6D4-A953-42BF-8FB1-4926A8EE8389}"
EndProject
Project("{FAE04EC0-301F-11D3-BF4B-00C04F79EFBC}") = "WinService.ConectarDados", "WinService.DAL\WinService.ConectarDados.csproj", "{7E40391E-42E3-454E-9CBD-96C65C9C5C7E}"
EndProject
Project("{2150E333-8FDC-42A3-9474-1A3956D46DE8}") = "Camada De Acesso aos Daods(DAL)", "Camada De Acesso aos Daods(DAL)", "{DE486F38-32D9-4F30-95B6-681E5DC718F8}"
EndProject
Project("{2150E333-8FDC-42A3-9474-1A3956D46DE8}") = "Camada De Negocios (BLL)", "Camada De Negocios (BLL)", "{645C4486-963F-4C85-BE4E-82AC0D2DDFF0}"
EndProject
Project("{FAE04EC0-301F-11D3-BF4B-00C04F79EFBC}") = "WinService.Repository", "WinService.Repository\WinService.Repository.csproj", "{B1B43F9E-AD55-422A-AAE3-C5A56F308801}"
EndProject
Project("{2150E333-8FDC-42A3-9474-1A3956D46DE8}") = "Camada de Armazenamento de Dados (DTO)", "Camada de Armazenamento de Dados (DTO)", "{8D668B21-D330-44A1-AC52-20802143B352}"
EndProject
Project("{2150E333-8FDC-42A3-9474-1A3956D46DE8}") = "Testes De Unidade", "Testes De Unidade", "{2EBD2BE9-668E-4D6F-9D9A-B55ECA7AC26D}"
EndProject
Project("{FAE04EC0-301F-11D3-BF4B-00C04F79EFBC}") = "WinService.UnitTest", "WinService.UnitTest\WinService.UnitTest.csproj", "{371D486B-4148-4DFD-A9BC-6C11ADE06D5F}"
EndProject
Project("{2150E333-8FDC-42A3-9474-1A3956D46DE8}") = "Classes Utilitarias", "Classes Utilitarias", "{5CAC4318-D9E2-43FA-8544-03C29F2CC911}"
EndProject
Project("{FAE04EC0-301F-11D3-BF4B-00C04F79EFBC}") = "WinService.Utilities", "WinService.Utilities\WinService.Utilities.csproj", "{DD65CB46-08AE-4811-98AB-AFCC389CA356}"
EndProject
Project("{FAE04EC0-301F-11D3-BF4B-00C04F79EFBC}") = "Mono.Options", "Mono.Options\Mono.Options.csproj", "{4457E48B-107E-4AEB-A3C3-5E33F397019F}"
EndProject
Global
	GlobalSection(SolutionConfigurationPlatforms) = preSolution
		Debug|Any CPU = Debug|Any CPU
		Release|Any CPU = Release|Any CPU
	EndGlobalSection
	GlobalSection(ProjectConfigurationPlatforms) = postSolution
		{C9E28B6B-6199-4CF6-B584-0ED61DD6509C}.Debug|Any CPU.ActiveCfg = Debug|Any CPU
		{C9E28B6B-6199-4CF6-B584-0ED61DD6509C}.Debug|Any CPU.Build.0 = Debug|Any CPU
		{C9E28B6B-6199-4CF6-B584-0ED61DD6509C}.Release|Any CPU.ActiveCfg = Release|Any CPU
		{C9E28B6B-6199-4CF6-B584-0ED61DD6509C}.Release|Any CPU.Build.0 = Release|Any CPU
		{136C1062-C542-445F-A3A1-6D8CFCCC77A2}.Debug|Any CPU.ActiveCfg = Debug
		{136C1062-C542-445F-A3A1-6D8CFCCC77A2}.Release|Any CPU.ActiveCfg = Release
		{C3F7FE1E-9317-4709-A836-68262D58B2B4}.Debug|Any CPU.ActiveCfg = Debug|Any CPU
		{C3F7FE1E-9317-4709-A836-68262D58B2B4}.Debug|Any CPU.Build.0 = Debug|Any CPU
		{C3F7FE1E-9317-4709-A836-68262D58B2B4}.Release|Any CPU.ActiveCfg = Release|Any CPU
		{C3F7FE1E-9317-4709-A836-68262D58B2B4}.Release|Any CPU.Build.0 = Release|Any CPU
		{19DEA6D4-A953-42BF-8FB1-4926A8EE8389}.Debug|Any CPU.ActiveCfg = Debug|Any CPU
		{19DEA6D4-A953-42BF-8FB1-4926A8EE8389}.Debug|Any CPU.Build.0 = Debug|Any CPU
		{19DEA6D4-A953-42BF-8FB1-4926A8EE8389}.Release|Any CPU.ActiveCfg = Release|Any CPU
		{19DEA6D4-A953-42BF-8FB1-4926A8EE8389}.Release|Any CPU.Build.0 = Release|Any CPU
		{7E40391E-42E3-454E-9CBD-96C65C9C5C7E}.Debug|Any CPU.ActiveCfg = Debug|Any CPU
		{7E40391E-42E3-454E-9CBD-96C65C9C5C7E}.Debug|Any CPU.Build.0 = Debug|Any CPU
		{7E40391E-42E3-454E-9CBD-96C65C9C5C7E}.Release|Any CPU.ActiveCfg = Release|Any CPU
		{7E40391E-42E3-454E-9CBD-96C65C9C5C7E}.Release|Any CPU.Build.0 = Release|Any CPU
		{B1B43F9E-AD55-422A-AAE3-C5A56F308801}.Debug|Any CPU.ActiveCfg = Debug|Any CPU
		{B1B43F9E-AD55-422A-AAE3-C5A56F308801}.Debug|Any CPU.Build.0 = Debug|Any CPU
		{B1B43F9E-AD55-422A-AAE3-C5A56F308801}.Release|Any CPU.ActiveCfg = Release|Any CPU
		{B1B43F9E-AD55-422A-AAE3-C5A56F308801}.Release|Any CPU.Build.0 = Release|Any CPU
		{371D486B-4148-4DFD-A9BC-6C11ADE06D5F}.Debug|Any CPU.ActiveCfg = Debug|Any CPU
		{371D486B-4148-4DFD-A9BC-6C11ADE06D5F}.Debug|Any CPU.Build.0 = Debug|Any CPU
		{371D486B-4148-4DFD-A9BC-6C11ADE06D5F}.Release|Any CPU.ActiveCfg = Release|Any CPU
		{371D486B-4148-4DFD-A9BC-6C11ADE06D5F}.Release|Any CPU.Build.0 = Release|Any CPU
		{DD65CB46-08AE-4811-98AB-AFCC389CA356}.Debug|Any CPU.ActiveCfg = Debug|Any CPU
		{DD65CB46-08AE-4811-98AB-AFCC389CA356}.Debug|Any CPU.Build.0 = Debug|Any CPU
		{DD65CB46-08AE-4811-98AB-AFCC389CA356}.Release|Any CPU.ActiveCfg = Release|Any CPU
		{DD65CB46-08AE-4811-98AB-AFCC389CA356}.Release|Any CPU.Build.0 = Release|Any CPU
		{4457E48B-107E-4AEB-A3C3-5E33F397019F}.Debug|Any CPU.ActiveCfg = Debug|Any CPU
		{4457E48B-107E-4AEB-A3C3-5E33F397019F}.Debug|Any CPU.Build.0 = Debug|Any CPU
		{4457E48B-107E-4AEB-A3C3-5E33F397019F}.Release|Any CPU.ActiveCfg = Release|Any CPU
		{4457E48B-107E-4AEB-A3C3-5E33F397019F}.Release|Any CPU.Build.0 = Release|Any CPU
	EndGlobalSection
	GlobalSection(SolutionProperties) = preSolution
		HideSolutionNode = FALSE
	EndGlobalSection
	GlobalSection(NestedProjects) = preSolution
		{C3F7FE1E-9317-4709-A836-68262D58B2B4} = {8D668B21-D330-44A1-AC52-20802143B352}
		{19DEA6D4-A953-42BF-8FB1-4926A8EE8389} = {645C4486-963F-4C85-BE4E-82AC0D2DDFF0}
		{7E40391E-42E3-454E-9CBD-96C65C9C5C7E} = {DE486F38-32D9-4F30-95B6-681E5DC718F8}
		{B1B43F9E-AD55-422A-AAE3-C5A56F308801} = {DE486F38-32D9-4F30-95B6-681E5DC718F8}
		{371D486B-4148-4DFD-A9BC-6C11ADE06D5F} = {2EBD2BE9-668E-4D6F-9D9A-B55ECA7AC26D}
		{DD65CB46-08AE-4811-98AB-AFCC389CA356} = {5CAC4318-D9E2-43FA-8544-03C29F2CC911}
		{4457E48B-107E-4AEB-A3C3-5E33F397019F} = {5CAC4318-D9E2-43FA-8544-03C29F2CC911}
	EndGlobalSection
EndGlobal
